github.com/appflight/apkparser v0.0.0-20210130111306-76f9efb1a121/go.mod h1:Z1DeQQQej1icWWKARW4R89Pnp/FWp0QDJs6PRWBHoPc=
github.com/appflight/apkverifier v0.0.0-20210130121812-c0bf3a886586 h1:lwe5yEDXH+PS3UfwWZrwLsB6z0CgzJNOAYzcS/vDTRE=
github.com/appflight/apkverifier v0.0.0-20210130121812-c0bf3a886586/go.mod h1:Hz2bdVCgdZ4eS9GFlnsH5Oql7I2VZJ5ew2yev1y0CZU=
github.com/klauspost/compress v1.11.0 h1:wJbzvpYMVGG9iTI9VxpnNZfd4DzMPoCWze3GgSqz8yg=
github.com/klauspost/compress v1.11.0/go.mod h1:aoV0uJVorq1K+umq18yTdKaF57EivdYsUV+/s2qKfXs=
